{
    "_meta": {
        "hash": {
            "sha256": "da4c0570eeeed45f02d10e10aade44888698462922ec47fdd0228c7b12dd2229"
        },
        "pipfile-spec": 6,
        "requires": {
            "python_version": "3.5"
        },
        "sources": [
            {
                "name": "pypi",
                "url": "https://pypi.org/simple",
                "verify_ssl": true
            }
        ]
    },
    "default": {
        "colorzero": {
            "hashes": [
                "sha256:acba47119b5d8555680d3cda9afe6ccc5481385ccc3c00084dd973f7aa184599",
                "sha256:e3c36d15b293de2b2f77ff54a5bd243fffac941ed0a5332d0697a6612a26a0a3"
            ],
            "version": "==1.1"
        },
        "gpiozero": {
            "hashes": [
                "sha256:1e73ef22e69b31a26f45191bc589a294c19cb86914d8babde67810694c5bc269",
                "sha256:5075c93f61e1ca4f7813544a9e7ef238e77482b47a5602b8e40c71f177930585"
            ],
            "index": "pypi",
            "version": "==1.5.0"
        }
    },
    "develop": {}
}
